// !$*UTF8*$!
{
	archiveVersion = 1;
	classes = {
	};
	objectVersion = 46;
	objects = {

/* Begin PBXBuildFile section */
		6B1943A319D5D275005BF07B /* addViewController.swift in Sources */ = {isa = PBXBuildFile; fileRef = 6B1943A219D5D275005BF07B /* addViewController.swift */; };
		6B1943A719D5D370005BF07B /* Main.storyboard in Resources */ = {isa = PBXBuildFile; fileRef = 6B1943A619D5D370005BF07B /* Main.storyboard */; };
		6B1943A919D60D67005BF07B /* PersonViewController.swift in Sources */ = {isa = PBXBuildFile; fileRef = 6B1943A819D60D67005BF07B /* PersonViewController.swift */; };
		6B1943AB19D635F1005BF07B /* ViewControllerCollectionViewCell.swift in Sources */ = {isa = PBXBuildFile; fileRef = 6B1943AA19D635F1005BF07B /* ViewControllerCollectionViewCell.swift */; };
		6B1943AE19D652BC005BF07B /* Note.swift in Sources */ = {isa = PBXBuildFile; fileRef = 6B1943AD19D652BC005BF07B /* Note.swift */; };
		6B1943B019D652D3005BF07B /* Person.swift in Sources */ = {isa = PBXBuildFile; fileRef = 6B1943AF19D652D3005BF07B /* Person.swift */; };
		6B1943B219D652E5005BF07B /* ProfileManager.swift in Sources */ = {isa = PBXBuildFile; fileRef = 6B1943B119D652E5005BF07B /* ProfileManager.swift */; };
		6B728CC519D4F17F00EA698F /* AppDelegate.swift in Sources */ = {isa = PBXBuildFile; fileRef = 6B728CC419D4F17F00EA698F /* AppDelegate.swift */; };
		6B728CC719D4F17F00EA698F /* ViewController.swift in Sources */ = {isa = PBXBuildFile; fileRef = 6B728CC619D4F17F00EA698F /* ViewController.swift */; };
		6B728CCC19D4F17F00EA698F /* Images.xcassets in Resources */ = {isa = PBXBuildFile; fileRef = 6B728CCB19D4F17F00EA698F /* Images.xcassets */; };
		6B728CCF19D4F17F00EA698F /* LaunchScreen.xib in Resources */ = {isa = PBXBuildFile; fileRef = 6B728CCD19D4F17F00EA698F /* LaunchScreen.xib */; };
		6B728CDB19D4F17F00EA698F /* testTests.swift in Sources */ = {isa = PBXBuildFile; fileRef = 6B728CDA19D4F17F00EA698F /* testTests.swift */; };
/* End PBXBuildFile section */

/* Begin PBXContainerItemProxy section */
		6B728CD519D4F17F00EA698F /* PBXContainerItemProxy */ = {
			isa = PBXContainerItemProxy;
			containerPortal = 6B728CB719D4F17F00EA698F /* Project object */;
			proxyType = 1;
			remoteGlobalIDString = 6B728CBE19D4F17F00EA698F;
			remoteInfo = test;
		};
/* End PBXContainerItemProxy section */

/* Begin PBXFileReference section */
		6B1943A219D5D275005BF07B /* addViewController.swift */ = {isa = PBXFileReference; fileEncoding = 4; lastKnownFileType = sourcecode.swift; path = addViewController.swift; sourceTree = "<group>"; };
		6B1943A619D5D370005BF07B /* Main.storyboard */ = {isa = PBXFileReference; fileEncoding = 4; lastKnownFileType = file.storyboard; path = Main.storyboard; sourceTree = "<group>"; };
		6B1943A819D60D67005BF07B /* PersonViewController.swift */ = {isa = PBXFileReference; fileEncoding = 4; lastKnownFileType = sourcecode.swift; path = PersonViewController.swift; sourceTree = "<group>"; };
		6B1943AA19D635F1005BF07B /* ViewControllerCollectionViewCell.swift */ = {isa = PBXFileReference; fileEncoding = 4; lastKnownFileType = sourcecode.swift; path = ViewControllerCollectionViewCell.swift; sourceTree = "<group>"; };
		6B1943AD19D652BC005BF07B /* Note.swift */ = {isa = PBXFileReference; fileEncoding = 4; lastKnownFileType = sourcecode.swift; path = Note.swift; sourceTree = "<group>"; };
		6B1943AF19D652D3005BF07B /* Person.swift */ = {isa = PBXFileReference; fileEncoding = 4; lastKnownFileType = sourcecode.swift; path = Person.swift; sourceTree = "<group>"; };
		6B1943B119D652E5005BF07B /* ProfileManager.swift */ = {isa = PBXFileReference; fileEncoding = 4; lastKnownFileType = sourcecode.swift; path = ProfileManager.swift; sourceTree = "<group>"; };
		6B728CBF19D4F17F00EA698F /* test.app */ = {isa = PBXFileReference; explicitFileType = wrapper.application; includeInIndex = 0; path = test.app; sourceTree = BUILT_PRODUCTS_DIR; };
		6B728CC319D4F17F00EA698F /* Info.plist */ = {isa = PBXFileReference; lastKnownFileType = text.plist.xml; path = Info.plist; sourceTree = "<group>"; };
		6B728CC419D4F17F00EA698F /* AppDelegate.swift */ = {isa = PBXFileReference; lastKnownFileType = sourcecode.swift; path = AppDelegate.swift; sourceTree = "<group>"; };
		6B728CC619D4F17F00EA698F /* ViewController.swift */ = {isa = PBXFileReference; lastKnownFileType = sourcecode.swift; path = ViewController.swift; sourceTree = "<group>"; };
		6B728CCB19D4F17F00EA698F /* Images.xcassets */ = {isa = PBXFileReference; lastKnownFileType = folder.assetcatalog; path = Images.xcassets; sourceTree = "<group>"; };
		6B728CCE19D4F17F00EA698F /* Base */ = {isa = PBXFileReference; lastKnownFileType = file.xib; name = Base; path = Base.lproj/LaunchScreen.xib; sourceTree = "<group>"; };
		6B728CD419D4F17F00EA698F /* testTests.xctest */ = {isa = PBXFileReference; explicitFileType = wrapper.cfbundle; includeInIndex = 0; path = testTests.xctest; sourceTree = BUILT_PRODUCTS_DIR; };
		6B728CD919D4F17F00EA698F /* Info.plist */ = {isa = PBXFileReference; lastKnownFileType = text.plist.xml; path = Info.plist; sourceTree = "<group>"; };
		6B728CDA19D4F17F00EA698F /* testTests.swift */ = {isa = PBXFileReference; lastKnownFileType = sourcecode.swift; path = testTests.swift; sourceTree = "<group>"; };
/* End PBXFileReference section */

/* Begin PBXFrameworksBuildPhase section */
		6B728CBC19D4F17F00EA698F /* Frameworks */ = {
			isa = PBXFrameworksBuildPhase;
			buildActionMask = 2147483647;
			files = (
			);
			runOnlyForDeploymentPostprocessing = 0;
		};
		6B728CD119D4F17F00EA698F /* Frameworks */ = {
			isa = PBXFrameworksBuildPhase;
			buildActionMask = 2147483647;
			files = (
			);
			runOnlyForDeploymentPostprocessing = 0;
		};
/* End PBXFrameworksBuildPhase section */

/* Begin PBXGroup section */
		6B1943AC19D651AC005BF07B /* Model */ = {
			isa = PBXGroup;
			children = (
				6B1943B119D652E5005BF07B /* ProfileManager.swift */,
				6B1943AF19D652D3005BF07B /* Person.swift */,
				6B1943AD19D652BC005BF07B /* Note.swift */,
			);
			name = Model;
			sourceTree = "<group>";
		};
		6B728CB619D4F17F00EA698F = {
			isa = PBXGroup;
			children = (
				6B1943AC19D651AC005BF07B /* Model */,
				6B728CC119D4F17F00EA698F /* test */,
				6B728CD719D4F17F00EA698F /* testTests */,
				6B728CC019D4F17F00EA698F /* Products */,
			);
			sourceTree = "<group>";
		};
		6B728CC019D4F17F00EA698F /* Products */ = {
			isa = PBXGroup;
			children = (
				6B728CBF19D4F17F00EA698F /* test.app */,
				6B728CD419D4F17F00EA698F /* testTests.xctest */,
			);
			name = Products;
			sourceTree = "<group>";
		};
		6B728CC119D4F17F00EA698F /* test */ = {
			isa = PBXGroup;
			children = (
				6B728CC419D4F17F00EA698F /* AppDelegate.swift */,
				6B728CC619D4F17F00EA698F /* ViewController.swift */,
				6B1943A219D5D275005BF07B /* addViewController.swift */,
				6B1943A619D5D370005BF07B /* Main.storyboard */,
				6B1943AA19D635F1005BF07B /* ViewControllerCollectionViewCell.swift */,
				6B1943A819D60D67005BF07B /* PersonViewController.swift */,
				6B728CCB19D4F17F00EA698F /* Images.xcassets */,
				6B728CCD19D4F17F00EA698F /* LaunchScreen.xib */,
				6B728CC219D4F17F00EA698F /* Supporting Files */,
			);
			path = test;
			sourceTree = "<group>";
		};
		6B728CC219D4F17F00EA698F /* Supporting Files */ = {
			isa = PBXGroup;
			children = (
				6B728CC319D4F17F00EA698F /* Info.plist */,
			);
			name = "Supporting Files";
			sourceTree = "<group>";
		};
		6B728CD719D4F17F00EA698F /* testTests */ = {
			isa = PBXGroup;
			children = (
				6B728CDA19D4F17F00EA698F /* testTests.swift */,
				6B728CD819D4F17F00EA698F /* Supporting Files */,
			);
			path = testTests;
			sourceTree = "<group>";
		};
		6B728CD819D4F17F00EA698F /* Supporting Files */ = {
			isa = PBXGroup;
			children = (
				6B728CD919D4F17F00EA698F /* Info.plist */,
			);
			name = "Supporting Files";
			sourceTree = "<group>";
		};
/* End PBXGroup section */

/* Begin PBXNativeTarget section */
		6B728CBE19D4F17F00EA698F /* test */ = {
			isa = PBXNativeTarget;
			buildConfigurationList = 6B728CDE19D4F17F00EA698F /* Build configuration list for PBXNativeTarget "test" */;
			buildPhases = (
				6B728CBB19D4F17F00EA698F /* Sources */,
				6B728CBC19D4F17F00EA698F /* Frameworks */,
				6B728CBD19D4F17F00EA698F /* Resources */,
			);
			buildRules = (
			);
			dependencies = (
			);
			name = test;
			productName = test;
			productReference = 6B728CBF19D4F17F00EA698F /* test.app */;
			productType = "com.apple.product-type.application";
		};
		6B728CD319D4F17F00EA698F /* testTests */ = {
			isa = PBXNativeTarget;
			buildConfigurationList = 6B728CE119D4F17F00EA698F /* Build configuration list for PBXNativeTarget "testTests" */;
			buildPhases = (
				6B728CD019D4F17F00EA698F /* Sources */,
				6B728CD119D4F17F00EA698F /* Frameworks */,
				6B728CD219D4F17F00EA698F /* Resources */,
			);
			buildRules = (
			);
			dependencies = (
				6B728CD619D4F17F00EA698F /* PBXTargetDependency */,
			);
			name = testTests;
			productName = testTests;
			productReference = 6B728CD419D4F17F00EA698F /* testTests.xctest */;
			productType = "com.apple.product-type.bundle.unit-test";
		};
/* End PBXNativeTarget section */

/* Begin PBXProject section */
		6B728CB719D4F17F00EA698F /* Project object */ = {
			isa = PBXProject;
			attributes = {
				LastUpgradeCheck = 0600;
				ORGANIZATIONNAME = Lalala;
				TargetAttributes = {
					6B728CBE19D4F17F00EA698F = {
						CreatedOnToolsVersion = 6.0.1;
					};
					6B728CD319D4F17F00EA698F = {
						CreatedOnToolsVersion = 6.0.1;
						TestTargetID = 6B728CBE19D4F17F00EA698F;
					};
				};
			};
			buildConfigurationList = 6B728CBA19D4F17F00EA698F /* Build configuration list for PBXProject "test" */;
			compatibilityVersion = "Xcode 3.2";
			developmentRegion = English;
			hasScannedForEncodings = 0;
			knownRegions = (
				en,
				Base,
			);
			mainGroup = 6B728CB619D4F17F00EA698F;
			productRefGroup = 6B728CC019D4F17F00EA698F /* Products */;
			projectDirPath = "";
			projectRoot = "";
			targets = (
				6B728CBE19D4F17F00EA698F /* test */,
				6B728CD319D4F17F00EA698F /* testTests */,
			);
		};
/* End PBXProject section */

/* Begin PBXResourcesBuildPhase section */
		6B728CBD19D4F17F00EA698F /* Resources */ = {
			isa = PBXResourcesBuildPhase;
			buildActionMask = 2147483647;
			files = (
				6B1943A719D5D370005BF07B /* Main.storyboard in Resources */,
				6B728CCF19D4F17F00EA698F /* LaunchScreen.xib in Resources */,
				6B728CCC19D4F17F00EA698F /* Images.xcassets in Resources */,
			);
			runOnlyForDeploymentPostprocessing = 0;
		};
		6B728CD219D4F17F00EA698F /* Resources */ = {
			isa = PBXResourcesBuildPhase;
			buildActionMask = 2147483647;
			files = (
			);
			runOnlyForDeploymentPostprocessing = 0;
		};
/* End PBXResourcesBuildPhase section */

/* Begin PBXSourcesBuildPhase section */
		6B728CBB19D4F17F00EA698F /* Sources */ = {
			isa = PBXSourcesBuildPhase;
			buildActionMask = 2147483647;
			files = (
				6B1943A919D60D67005BF07B /* PersonViewController.swift in Sources */,
				6B728CC719D4F17F00EA698F /* ViewController.swift in Sources */,
				6B1943AE19D652BC005BF07B /* Note.swift in Sources */,
				6B1943B219D652E5005BF07B /* ProfileManager.swift in Sources */,
				6B728CC519D4F17F00EA698F /* AppDelegate.swift in Sources */,
				6B1943B019D652D3005BF07B /* Person.swift in Sources */,
				6B1943AB19D635F1005BF07B /* ViewControllerCollectionViewCell.swift in Sources */,
				6B1943A319D5D275005BF07B /* addViewController.swift in Sources */,
			);
			runOnlyForDeploymentPostprocessing = 0;
		};
		6B728CD019D4F17F00EA698F /* Sources */ = {
			isa = PBXSourcesBuildPhase;
			buildActionMask = 2147483647;
			files = (
				6B728CDB19D4F17F00EA698F /* testTests.swift in Sources */,
			);
			runOnlyForDeploymentPostprocessing = 0;
		};
/* End PBXSourcesBuildPhase section */

/* Begin PBXTargetDependency section */
		6B728CD619D4F17F00EA698F /* PBXTargetDependency */ = {
			isa = PBXTargetDependency;
			target = 6B728CBE19D4F17F00EA698F /* test */;
			targetProxy = 6B728CD519D4F17F00EA698F /* PBXContainerItemProxy */;
		};
/* End PBXTargetDependency section */

/* Begin PBXVariantGroup section */
		6B728CCD19D4F17F00EA698F /* LaunchScreen.xib */ = {
			isa = PBXVariantGroup;
			children = (
				6B728CCE19D4F17F00EA698F /* Base */,
			);
			name = LaunchScreen.xib;
			sourceTree = "<group>";
		};
/* End PBXVariantGroup section */

/* Begin XCBuildConfiguration section */
		6B728CDC19D4F17F00EA698F /* Debug */ = {
			isa = XCBuildConfiguration;
			buildSettings = {
				ALWAYS_SEARCH_USER_PATHS = NO;
				CLANG_CXX_LANGUAGE_STANDARD = "gnu++0x";
				CLANG_CXX_LIBRARY = "libc++";
				CLANG_ENABLE_MODULES = YES;
				CLANG_ENABLE_OBJC_ARC = YES;
				CLANG_WARN_BOOL_CONVERSION = YES;
				CLANG_WARN_CONSTANT_CONVERSION = YES;
				CLANG_WARN_DIRECT_OBJC_ISA_USAGE = YES_ERROR;
				CLANG_WARN_EMPTY_BODY = YES;
				CLANG_WARN_ENUM_CONVERSION = YES;
				CLANG_WARN_INT_CONVERSION = YES;
				CLANG_WARN_OBJC_ROOT_CLASS = YES_ERROR;
				CLANG_WARN_UNREACHABLE_CODE = YES;
				CLANG_WARN__DUPLICATE_METHOD_MATCH = YES;
				"CODE_SIGN_IDENTITY[sdk=iphoneos*]" = "iPhone Developer";
				COPY_PHASE_STRIP = NO;
				ENABLE_STRICT_OBJC_MSGSEND = YES;
				GCC_C_LANGUAGE_STANDARD = gnu99;
				GCC_DYNAMIC_NO_PIC = NO;
				GCC_OPTIMIZATION_LEVEL = 0;
				GCC_PREPROCESSOR_DEFINITIONS = (
					"DEBUG=1",
					"$(inherited)",
				);
				GCC_SYMBOLS_PRIVATE_EXTERN = NO;
				GCC_WARN_64_TO_32_BIT_CONVERSION = YES;
				GCC_WARN_ABOUT_RETURN_TYPE = YES_ERROR;
				GCC_WARN_UNDECLARED_SELECTOR = YES;
				GCC_WARN_UNINITIALIZED_AUTOS = YES_AGGRESSIVE;
				GCC_WARN_UNUSED_FUNCTION = YES;
				GCC_WARN_UNUSED_VARIABLE = YES;
				IPHONEOS_DEPLOYMENT_TARGET = 8.0;
				MTL_ENABLE_DEBUG_INFO = YES;
				ONLY_ACTIVE_ARCH = YES;
				SDKROOT = iphoneos;
				SWIFT_OPTIMIZATION_LEVEL = "-Onone";
				TARGETED_DEVICE_FAMILY = "1,2";
			};
			name = Debug;
		};
		6B728CDD19D4F17F00EA698F /* Release */ = {
			isa = XCBuildConfiguration;
			buildSettings = {
				ALWAYS_SEARCH_USER_PATHS = NO;
				CLANG_CXX_LANGUAGE_STANDARD = "gnu++0x";
				CLANG_CXX_LIBRARY = "libc++";
				CLANG_ENABLE_MODULES = YES;
				CLANG_ENABLE_OBJC_ARC = YES;
				CLANG_WARN_BOOL_CONVERSION = YES;
				CLANG_WARN_CONSTANT_CONVERSION = YES;
				CLANG_WARN_DIRECT_OBJC_ISA_USAGE = YES_ERROR;
				CLANG_WARN_EMPTY_BODY = YES;
				CLANG_WARN_ENUM_CONVERSION = YES;
				CLANG_WARN_INT_CONVERSION = YES;
				CLANG_WARN_OBJC_ROOT_CLASS = YES_ERROR;
				CLANG_WARN_UNREACHABLE_CODE = YES;
				CLANG_WARN__DUPLICATE_METHOD_MATCH = YES;
				"CODE_SIGN_IDENTITY[sdk=iphoneos*]" = "iPhone Developer";
				COPY_PHASE_STRIP = YES;
				ENABLE_NS_ASSERTIONS = NO;
				ENABLE_STRICT_OBJC_MSGSEND = YES;
				GCC_C_LANGUAGE_STANDARD = gnu99;
				GCC_WARN_64_TO_32_BIT_CONVERSION = YES;
				GCC_WARN_ABOUT_RETURN_TYPE = YES_ERROR;
				GCC_WARN_UNDECLARED_SELECTOR = YES;
				GCC_WARN_UNINITIALIZED_AUTOS = YES_AGGRESSIVE;
				GCC_WARN_UNUSED_FUNCTION = YES;
				GCC_WARN_UNUSED_VARIABLE = YES;
				IPHONEOS_DEPLOYMENT_TARGET = 8.0;
				MTL_ENABLE_DEBUG_INFO = NO;
				SDKROOT = iphoneos;
				TARGETED_DEVICE_FAMILY = "1,2";
				VALIDATE_PRODUCT = YES;
			};
			name = Release;
		};
		6B728CDF19D4F17F00EA698F /* Debug */ = {
			isa = XCBuildConfiguration;
			buildSettings = {
				ASSETCATALOG_COMPILER_APPICON_NAME = AppIcon;
				INFOPLIST_FILE = test/Info.plist;
				LD_RUNPATH_SEARCH_PATHS = "$(inherited) @executable_path/Frameworks";
				PRODUCT_NAME = "$(TARGET_NAME)";
			};
			name = Debug;
		};
		6B728CE019D4F17F00EA698F /* Release */ = {
			isa = XCBuildConfiguration;
			buildSettings = {
				ASSETCATALOG_COMPILER_APPICON_NAME = AppIcon;
				INFOPLIST_FILE = test/Info.plist;
				LD_RUNPATH_SEARCH_PATHS = "$(inherited) @executable_path/Frameworks";
				PRODUCT_NAME = "$(TARGET_NAME)";
			};
			name = Release;
		};
		6B728CE219D4F17F00EA698F /* Debug */ = {
			isa = XCBuildConfiguration;
			buildSettings = {
				BUNDLE_LOADER = "$(TEST_HOST)";
				FRAMEWORK_SEARCH_PATHS = (
					"$(SDKROOT)/Developer/Library/Frameworks",
					"$(inherited)",
				);
				GCC_PREPROCESSOR_DEFINITIONS = (
					"DEBUG=1",
					"$(inherited)",
				);
				INFOPLIST_FILE = testTests/Info.plist;
				LD_RUNPATH_SEARCH_PATHS = "$(inherited) @executable_path/Frameworks @loader_path/Frameworks";
				PRODUCT_NAME = "$(TARGET_NAME)";
				TEST_HOST = "$(BUILT_PRODUCTS_DIR)/test.app/test";
			};
			name = Debug;
		};
		6B728CE319D4F17F00EA698F /* Release */ = {
			isa = XCBuildConfiguration;
			buildSettings = {
				BUNDLE_LOADER = "$(TEST_HOST)";
				FRAMEWORK_SEARCH_PATHS = (
					"$(SDKROOT)/Developer/Library/Frameworks",
					"$(inherited)",
				);
				INFOPLIST_FILE = testTests/Info.plist;
				LD_RUNPATH_SEARCH_PATHS = "$(inherited) @executable_path/Frameworks @loader_path/Frameworks";
				PRODUCT_NAME = "$(TARGET_NAME)";
				TEST_HOST = "$(BUILT_PRODUCTS_DIR)/test.app/test";
			};
			name = Release;
		};
/* End XCBuildConfiguration section */

/* Begin XCConfigurationList section */
		6B728CBA19D4F17F00EA698F /* Build configuration list for PBXProject "test" */ = {
			isa = XCConfigurationList;
			buildConfigurations = (
				6B728CDC19D4F17F00EA698F /* Debug */,
				6B728CDD19D4F17F00EA698F /* Release */,
			);
			defaultConfigurationIsVisible = 0;
			defaultConfigurationName = Release;
		};
		6B728CDE19D4F17F00EA698F /* Build configuration list for PBXNativeTarget "test" */ = {
			isa = XCConfigurationList;
			buildConfigurations = (
				6B728CDF19D4F17F00EA698F /* Debug */,
				6B728CE019D4F17F00EA698F /* Release */,
			);
			defaultConfigurationIsVisible = 0;
			defaultConfigurationName = Release;
		};
		6B728CE119D4F17F00EA698F /* Build configuration list for PBXNativeTarget "testTests" */ = {
			isa = XCConfigurationList;
			buildConfigurations = (
				6B728CE219D4F17F00EA698F /* Debug */,
				6B728CE319D4F17F00EA698F /* Release */,
			);
			defaultConfigurationIsVisible = 0;
			defaultConfigurationName = Release;
		};
/* End XCConfigurationList section */
	};
	rootObject = 6B728CB719D4F17F00EA698F /* Project object */;
}
